{
  "originHash" : "89f1d2426aacae7f56f71bc846753afaae79b4f5ade6fe016a61f7cd26b192eb",
  "pins" : [
    {
      "identity" : "hypergooey-mac-dist",
      "kind" : "remoteSourceControl",
      "location" : "https://github.com/bszyman/hypergooey-mac-dist.git",
      "state" : {
        "revision" : "f047c3f70e99766276d7dcc8fd70ed99c0397c9a",
        "version" : "1.1.0"
      }
    }
  ],
  "version" : 3
}
